
Microsoft Visual Studio Solution File, Format Version 12.00
# Visual Studio Version 16
VisualStudioVersion = 16.0.29709.97
MinimumVisualStudioVersion = 10.0.40219.1
Project("{9A19103F-16F7-4668-BE54-9A1E7A4F7556}") = "VgmPlayer", "VgmPlayer.csproj", "{13572357-5424-4D55-97B9-20DEEC1E5CD3}"
EndProject
Global
	GlobalSection(SolutionConfigurationPlatforms) = preSolution
		Debug|Any CPU = Debug|Any CPU
		Release|Any CPU = Release|Any CPU
	EndGlobalSection
	GlobalSection(ProjectConfigurationPlatforms) = postSolution
		{13572357-5424-4D55-97B9-20DEEC1E5CD3}.Debug|Any CPU.ActiveCfg = Debug|Any CPU
		{13572357-5424-4D55-97B9-20DEEC1E5CD3}.Debug|Any CPU.Build.0 = Debug|Any CPU
		{13572357-5424-4D55-97B9-20DEEC1E5CD3}.Release|Any CPU.ActiveCfg = Release|Any CPU
		{13572357-5424-4D55-97B9-20DEEC1E5CD3}.Release|Any CPU.Build.0 = Release|Any CPU
	EndGlobalSection
	GlobalSection(SolutionProperties) = preSolution
		HideSolutionNode = FALSE
	EndGlobalSection
	GlobalSection(ExtensibilityGlobals) = postSolution
		SolutionGuid = {39265EAF-EF6A-48A4-A0F5-180DE2B3EAF8}
	EndGlobalSection
EndGlobal
